// !$*UTF8*$!
{
	archiveVersion = 1;
	classes = {
	};
	objectVersion = 46;
	objects = {

/* Begin PBXBuildFile section */
		3B3A7058195E8174002C59FF /* Foundation.framework in Frameworks */ = {isa = PBXBuildFile; fileRef = 3B3A7057195E8174002C59FF /* Foundation.framework */; };
		3B3A705A195E8174002C59FF /* CoreGraphics.framework in Frameworks */ = {isa = PBXBuildFile; fileRef = 3B3A7059195E8174002C59FF /* CoreGraphics.framework */; };
		3B3A705C195E8174002C59FF /* UIKit.framework in Frameworks */ = {isa = PBXBuildFile; fileRef = 3B3A705B195E8174002C59FF /* UIKit.framework */; };
		3B3A7062195E8174002C59FF /* InfoPlist.strings in Resources */ = {isa = PBXBuildFile; fileRef = 3B3A7060195E8174002C59FF /* InfoPlist.strings */; };
		3B3A7064195E8174002C59FF /* main.m in Sources */ = {isa = PBXBuildFile; fileRef = 3B3A7063195E8174002C59FF /* main.m */; };
		3B3A7068195E8174002C59FF /* AppDelegate.m in Sources */ = {isa = PBXBuildFile; fileRef = 3B3A7067195E8174002C59FF /* AppDelegate.m */; };
		3B3A706B195E8174002C59FF /* Main.storyboard in Resources */ = {isa = PBXBuildFile; fileRef = 3B3A7069195E8174002C59FF /* Main.storyboard */; };
		3B3A706E195E8174002C59FF /* TitleViewController.m in Sources */ = {isa = PBXBuildFile; fileRef = 3B3A706D195E8174002C59FF /* TitleViewController.m */; };
		3B3A7070195E8174002C59FF /* Images.xcassets in Resources */ = {isa = PBXBuildFile; fileRef = 3B3A706F195E8174002C59FF /* Images.xcassets */; };
		3B3A7077195E8174002C59FF /* XCTest.framework in Frameworks */ = {isa = PBXBuildFile; fileRef = 3B3A7076195E8174002C59FF /* XCTest.framework */; };
		3B3A7078195E8174002C59FF /* Foundation.framework in Frameworks */ = {isa = PBXBuildFile; fileRef = 3B3A7057195E8174002C59FF /* Foundation.framework */; };
		3B3A7079195E8174002C59FF /* UIKit.framework in Frameworks */ = {isa = PBXBuildFile; fileRef = 3B3A705B195E8174002C59FF /* UIKit.framework */; };
		3B3A7081195E8174002C59FF /* InfoPlist.strings in Resources */ = {isa = PBXBuildFile; fileRef = 3B3A707F195E8174002C59FF /* InfoPlist.strings */; };
		3B3A7083195E8174002C59FF /* TreasureTests.m in Sources */ = {isa = PBXBuildFile; fileRef = 3B3A7082195E8174002C59FF /* TreasureTests.m */; };
		3B754C6D195E893600FF7287 /* MainViewController.m in Sources */ = {isa = PBXBuildFile; fileRef = 3B754C6C195E893600FF7287 /* MainViewController.m */; };
		3B754C71195E8A3400FF7287 /* RiddleViewController.m in Sources */ = {isa = PBXBuildFile; fileRef = 3B754C70195E8A3400FF7287 /* RiddleViewController.m */; };
		3B93E868195E9727002F94D5 /* CoreLocation.framework in Frameworks */ = {isa = PBXBuildFile; fileRef = 3B93E867195E9727002F94D5 /* CoreLocation.framework */; };
/* End PBXBuildFile section */

/* Begin PBXContainerItemProxy section */
		3B3A707A195E8174002C59FF /* PBXContainerItemProxy */ = {
			isa = PBXContainerItemProxy;
			containerPortal = 3B3A704C195E8174002C59FF /* Project object */;
			proxyType = 1;
			remoteGlobalIDString = 3B3A7053195E8174002C59FF;
			remoteInfo = Treasure;
		};
/* End PBXContainerItemProxy section */

/* Begin PBXFileReference section */
		3B3A7054195E8174002C59FF /* Treasure.app */ = {isa = PBXFileReference; explicitFileType = wrapper.application; includeInIndex = 0; path = Treasure.app; sourceTree = BUILT_PRODUCTS_DIR; };
		3B3A7057195E8174002C59FF /* Foundation.framework */ = {isa = PBXFileReference; lastKnownFileType = wrapper.framework; name = Foundation.framework; path = System/Library/Frameworks/Foundation.framework; sourceTree = SDKROOT; };
		3B3A7059195E8174002C59FF /* CoreGraphics.framework */ = {isa = PBXFileReference; lastKnownFileType = wrapper.framework; name = CoreGraphics.framework; path = System/Library/Frameworks/CoreGraphics.framework; sourceTree = SDKROOT; };
		3B3A705B195E8174002C59FF /* UIKit.framework */ = {isa = PBXFileReference; lastKnownFileType = wrapper.framework; name = UIKit.framework; path = System/Library/Frameworks/UIKit.framework; sourceTree = SDKROOT; };
		3B3A705F195E8174002C59FF /* Treasure-Info.plist */ = {isa = PBXFileReference; lastKnownFileType = text.plist.xml; path = "Treasure-Info.plist"; sourceTree = "<group>"; };
		3B3A7061195E8174002C59FF /* en */ = {isa = PBXFileReference; lastKnownFileType = text.plist.strings; name = en; path = en.lproj/InfoPlist.strings; sourceTree = "<group>"; };
		3B3A7063195E8174002C59FF /* main.m */ = {isa = PBXFileReference; lastKnownFileType = sourcecode.c.objc; path = main.m; sourceTree = "<group>"; };
		3B3A7065195E8174002C59FF /* Treasure-Prefix.pch */ = {isa = PBXFileReference; lastKnownFileType = sourcecode.c.h; path = "Treasure-Prefix.pch"; sourceTree = "<group>"; };
		3B3A7066195E8174002C59FF /* AppDelegate.h */ = {isa = PBXFileReference; lastKnownFileType = sourcecode.c.h; path = AppDelegate.h; sourceTree = "<group>"; };
		3B3A7067195E8174002C59FF /* AppDelegate.m */ = {isa = PBXFileReference; lastKnownFileType = sourcecode.c.objc; path = AppDelegate.m; sourceTree = "<group>"; };
		3B3A706A195E8174002C59FF /* Base */ = {isa = PBXFileReference; lastKnownFileType = file.storyboard; name = Base; path = Base.lproj/Main.storyboard; sourceTree = "<group>"; };
		3B3A706C195E8174002C59FF /* TitleViewController.h */ = {isa = PBXFileReference; lastKnownFileType = sourcecode.c.h; path = TitleViewController.h; sourceTree = "<group>"; };
		3B3A706D195E8174002C59FF /* TitleViewController.m */ = {isa = PBXFileReference; lastKnownFileType = sourcecode.c.objc; path = TitleViewController.m; sourceTree = "<group>"; };
		3B3A706F195E8174002C59FF /* Images.xcassets */ = {isa = PBXFileReference; lastKnownFileType = folder.assetcatalog; path = Images.xcassets; sourceTree = "<group>"; };
		3B3A7075195E8174002C59FF /* TreasureTests.xctest */ = {isa = PBXFileReference; explicitFileType = wrapper.cfbundle; includeInIndex = 0; path = TreasureTests.xctest; sourceTree = BUILT_PRODUCTS_DIR; };
		3B3A7076195E8174002C59FF /* XCTest.framework */ = {isa = PBXFileReference; lastKnownFileType = wrapper.framework; name = XCTest.framework; path = Library/Frameworks/XCTest.framework; sourceTree = DEVELOPER_DIR; };
		3B3A707E195E8174002C59FF /* TreasureTests-Info.plist */ = {isa = PBXFileReference; lastKnownFileType = text.plist.xml; path = "TreasureTests-Info.plist"; sourceTree = "<group>"; };
		3B3A7080195E8174002C59FF /* en */ = {isa = PBXFileReference; lastKnownFileType = text.plist.strings; name = en; path = en.lproj/InfoPlist.strings; sourceTree = "<group>"; };
		3B3A7082195E8174002C59FF /* TreasureTests.m */ = {isa = PBXFileReference; lastKnownFileType = sourcecode.c.objc; path = TreasureTests.m; sourceTree = "<group>"; };
		3B754C6B195E893600FF7287 /* MainViewController.h */ = {isa = PBXFileReference; fileEncoding = 4; lastKnownFileType = sourcecode.c.h; path = MainViewController.h; sourceTree = "<group>"; };
		3B754C6C195E893600FF7287 /* MainViewController.m */ = {isa = PBXFileReference; fileEncoding = 4; lastKnownFileType = sourcecode.c.objc; path = MainViewController.m; sourceTree = "<group>"; };
		3B754C6F195E8A3400FF7287 /* RiddleViewController.h */ = {isa = PBXFileReference; fileEncoding = 4; lastKnownFileType = sourcecode.c.h; path = RiddleViewController.h; sourceTree = "<group>"; };
		3B754C70195E8A3400FF7287 /* RiddleViewController.m */ = {isa = PBXFileReference; fileEncoding = 4; lastKnownFileType = sourcecode.c.objc; path = RiddleViewController.m; sourceTree = "<group>"; };
		3B93E867195E9727002F94D5 /* CoreLocation.framework */ = {isa = PBXFileReference; lastKnownFileType = wrapper.framework; name = CoreLocation.framework; path = System/Library/Frameworks/CoreLocation.framework; sourceTree = SDKROOT; };
		3B93E86A195EB39D002F94D5 /* RoomType.h */ = {isa = PBXFileReference; lastKnownFileType = sourcecode.c.h; path = RoomType.h; sourceTree = "<group>"; };
/* End PBXFileReference section */

/* Begin PBXFrameworksBuildPhase section */
		3B3A7051195E8174002C59FF /* Frameworks */ = {
			isa = PBXFrameworksBuildPhase;
			buildActionMask = 2147483647;
			files = (
				3B93E868195E9727002F94D5 /* CoreLocation.framework in Frameworks */,
				3B3A705A195E8174002C59FF /* CoreGraphics.framework in Frameworks */,
				3B3A705C195E8174002C59FF /* UIKit.framework in Frameworks */,
				3B3A7058195E8174002C59FF /* Foundation.framework in Frameworks */,
			);
			runOnlyForDeploymentPostprocessing = 0;
		};
		3B3A7072195E8174002C59FF /* Frameworks */ = {
			isa = PBXFrameworksBuildPhase;
			buildActionMask = 2147483647;
			files = (
				3B3A7077195E8174002C59FF /* XCTest.framework in Frameworks */,
				3B3A7079195E8174002C59FF /* UIKit.framework in Frameworks */,
				3B3A7078195E8174002C59FF /* Foundation.framework in Frameworks */,
			);
			runOnlyForDeploymentPostprocessing = 0;
		};
/* End PBXFrameworksBuildPhase section */

/* Begin PBXGroup section */
		3B3A704B195E8174002C59FF = {
			isa = PBXGroup;
			children = (
				3B3A705D195E8174002C59FF /* Treasure */,
				3B3A707C195E8174002C59FF /* TreasureTests */,
				3B3A7056195E8174002C59FF /* Frameworks */,
				3B3A7055195E8174002C59FF /* Products */,
			);
			sourceTree = "<group>";
		};
		3B3A7055195E8174002C59FF /* Products */ = {
			isa = PBXGroup;
			children = (
				3B3A7054195E8174002C59FF /* Treasure.app */,
				3B3A7075195E8174002C59FF /* TreasureTests.xctest */,
			);
			name = Products;
			sourceTree = "<group>";
		};
		3B3A7056195E8174002C59FF /* Frameworks */ = {
			isa = PBXGroup;
			children = (
				3B93E867195E9727002F94D5 /* CoreLocation.framework */,
				3B3A7057195E8174002C59FF /* Foundation.framework */,
				3B3A7059195E8174002C59FF /* CoreGraphics.framework */,
				3B3A705B195E8174002C59FF /* UIKit.framework */,
				3B3A7076195E8174002C59FF /* XCTest.framework */,
			);
			name = Frameworks;
			sourceTree = "<group>";
		};
		3B3A705D195E8174002C59FF /* Treasure */ = {
			isa = PBXGroup;
			children = (
				3B93E869195EB384002F94D5 /* utility */,
				3B754C6E195E894900FF7287 /* ViewController */,
				3B3A7066195E8174002C59FF /* AppDelegate.h */,
				3B3A7067195E8174002C59FF /* AppDelegate.m */,
				3B3A7069195E8174002C59FF /* Main.storyboard */,
				3B3A706F195E8174002C59FF /* Images.xcassets */,
				3B3A705E195E8174002C59FF /* Supporting Files */,
			);
			path = Treasure;
			sourceTree = "<group>";
		};
		3B3A705E195E8174002C59FF /* Supporting Files */ = {
			isa = PBXGroup;
			children = (
				3B3A705F195E8174002C59FF /* Treasure-Info.plist */,
				3B3A7060195E8174002C59FF /* InfoPlist.strings */,
				3B3A7063195E8174002C59FF /* main.m */,
				3B3A7065195E8174002C59FF /* Treasure-Prefix.pch */,
			);
			name = "Supporting Files";
			sourceTree = "<group>";
		};
		3B3A707C195E8174002C59FF /* TreasureTests */ = {
			isa = PBXGroup;
			children = (
				3B3A7082195E8174002C59FF /* TreasureTests.m */,
				3B3A707D195E8174002C59FF /* Supporting Files */,
			);
			path = TreasureTests;
			sourceTree = "<group>";
		};
		3B3A707D195E8174002C59FF /* Supporting Files */ = {
			isa = PBXGroup;
			children = (
				3B3A707E195E8174002C59FF /* TreasureTests-Info.plist */,
				3B3A707F195E8174002C59FF /* InfoPlist.strings */,
			);
			name = "Supporting Files";
			sourceTree = "<group>";
		};
		3B754C6E195E894900FF7287 /* ViewController */ = {
			isa = PBXGroup;
			children = (
				3B3A706C195E8174002C59FF /* TitleViewController.h */,
				3B3A706D195E8174002C59FF /* TitleViewController.m */,
				3B754C6B195E893600FF7287 /* MainViewController.h */,
				3B754C6C195E893600FF7287 /* MainViewController.m */,
				3B754C6F195E8A3400FF7287 /* RiddleViewController.h */,
				3B754C70195E8A3400FF7287 /* RiddleViewController.m */,
			);
			name = ViewController;
			sourceTree = "<group>";
		};
		3B93E869195EB384002F94D5 /* utility */ = {
			isa = PBXGroup;
			children = (
				3B93E86A195EB39D002F94D5 /* RoomType.h */,
			);
			name = utility;
			sourceTree = "<group>";
		};
/* End PBXGroup section */

/* Begin PBXNativeTarget section */
		3B3A7053195E8174002C59FF /* Treasure */ = {
			isa = PBXNativeTarget;
			buildConfigurationList = 3B3A7086195E8174002C59FF /* Build configuration list for PBXNativeTarget "Treasure" */;
			buildPhases = (
				3B3A7050195E8174002C59FF /* Sources */,
				3B3A7051195E8174002C59FF /* Frameworks */,
				3B3A7052195E8174002C59FF /* Resources */,
			);
			buildRules = (
			);
			dependencies = (
			);
			name = Treasure;
			productName = Treasure;
			productReference = 3B3A7054195E8174002C59FF /* Treasure.app */;
			productType = "com.apple.product-type.application";
		};
		3B3A7074195E8174002C59FF /* TreasureTests */ = {
			isa = PBXNativeTarget;
			buildConfigurationList = 3B3A7089195E8174002C59FF /* Build configuration list for PBXNativeTarget "TreasureTests" */;
			buildPhases = (
				3B3A7071195E8174002C59FF /* Sources */,
				3B3A7072195E8174002C59FF /* Frameworks */,
				3B3A7073195E8174002C59FF /* Resources */,
			);
			buildRules = (
			);
			dependencies = (
				3B3A707B195E8174002C59FF /* PBXTargetDependency */,
			);
			name = TreasureTests;
			productName = TreasureTests;
			productReference = 3B3A7075195E8174002C59FF /* TreasureTests.xctest */;
			productType = "com.apple.product-type.bundle.unit-test";
		};
/* End PBXNativeTarget section */

/* Begin PBXProject section */
		3B3A704C195E8174002C59FF /* Project object */ = {
			isa = PBXProject;
			attributes = {
				LastUpgradeCheck = 0510;
				ORGANIZATIONNAME = Taka;
				TargetAttributes = {
					3B3A7053195E8174002C59FF = {
						DevelopmentTeam = GP3C6S7978;
						SystemCapabilities = {
							com.apple.BackgroundModes = {
								enabled = 1;
							};
						};
					};
					3B3A7074195E8174002C59FF = {
						TestTargetID = 3B3A7053195E8174002C59FF;
					};
				};
			};
			buildConfigurationList = 3B3A704F195E8174002C59FF /* Build configuration list for PBXProject "Treasure" */;
			compatibilityVersion = "Xcode 3.2";
			developmentRegion = English;
			hasScannedForEncodings = 0;
			knownRegions = (
				en,
				Base,
			);
			mainGroup = 3B3A704B195E8174002C59FF;
			productRefGroup = 3B3A7055195E8174002C59FF /* Products */;
			projectDirPath = "";
			projectRoot = "";
			targets = (
				3B3A7053195E8174002C59FF /* Treasure */,
				3B3A7074195E8174002C59FF /* TreasureTests */,
			);
		};
/* End PBXProject section */

/* Begin PBXResourcesBuildPhase section */
		3B3A7052195E8174002C59FF /* Resources */ = {
			isa = PBXResourcesBuildPhase;
			buildActionMask = 2147483647;
			files = (
				3B3A7070195E8174002C59FF /* Images.xcassets in Resources */,
				3B3A7062195E8174002C59FF /* InfoPlist.strings in Resources */,
				3B3A706B195E8174002C59FF /* Main.storyboard in Resources */,
			);
			runOnlyForDeploymentPostprocessing = 0;
		};
		3B3A7073195E8174002C59FF /* Resources */ = {
			isa = PBXResourcesBuildPhase;
			buildActionMask = 2147483647;
			files = (
				3B3A7081195E8174002C59FF /* InfoPlist.strings in Resources */,
			);
			runOnlyForDeploymentPostprocessing = 0;
		};
/* End PBXResourcesBuildPhase section */

/* Begin PBXSourcesBuildPhase section */
		3B3A7050195E8174002C59FF /* Sources */ = {
			isa = PBXSourcesBuildPhase;
			buildActionMask = 2147483647;
			files = (
				3B3A706E195E8174002C59FF /* TitleViewController.m in Sources */,
				3B3A7068195E8174002C59FF /* AppDelegate.m in Sources */,
				3B754C71195E8A3400FF7287 /* RiddleViewController.m in Sources */,
				3B3A7064195E8174002C59FF /* main.m in Sources */,
				3B754C6D195E893600FF7287 /* MainViewController.m in Sources */,
			);
			runOnlyForDeploymentPostprocessing = 0;
		};
		3B3A7071195E8174002C59FF /* Sources */ = {
			isa = PBXSourcesBuildPhase;
			buildActionMask = 2147483647;
			files = (
				3B3A7083195E8174002C59FF /* TreasureTests.m in Sources */,
			);
			runOnlyForDeploymentPostprocessing = 0;
		};
/* End PBXSourcesBuildPhase section */

/* Begin PBXTargetDependency section */
		3B3A707B195E8174002C59FF /* PBXTargetDependency */ = {
			isa = PBXTargetDependency;
			target = 3B3A7053195E8174002C59FF /* Treasure */;
			targetProxy = 3B3A707A195E8174002C59FF /* PBXContainerItemProxy */;
		};
/* End PBXTargetDependency section */

/* Begin PBXVariantGroup section */
		3B3A7060195E8174002C59FF /* InfoPlist.strings */ = {
			isa = PBXVariantGroup;
			children = (
				3B3A7061195E8174002C59FF /* en */,
			);
			name = InfoPlist.strings;
			sourceTree = "<group>";
		};
		3B3A7069195E8174002C59FF /* Main.storyboard */ = {
			isa = PBXVariantGroup;
			children = (
				3B3A706A195E8174002C59FF /* Base */,
			);
			name = Main.storyboard;
			sourceTree = "<group>";
		};
		3B3A707F195E8174002C59FF /* InfoPlist.strings */ = {
			isa = PBXVariantGroup;
			children = (
				3B3A7080195E8174002C59FF /* en */,
			);
			name = InfoPlist.strings;
			sourceTree = "<group>";
		};
/* End PBXVariantGroup section */

/* Begin XCBuildConfiguration section */
		3B3A7084195E8174002C59FF /* Debug */ = {
			isa = XCBuildConfiguration;
			buildSettings = {
				ALWAYS_SEARCH_USER_PATHS = NO;
				CLANG_CXX_LANGUAGE_STANDARD = "gnu++0x";
				CLANG_CXX_LIBRARY = "libc++";
				CLANG_ENABLE_MODULES = YES;
				CLANG_ENABLE_OBJC_ARC = YES;
				CLANG_WARN_BOOL_CONVERSION = YES;
				CLANG_WARN_CONSTANT_CONVERSION = YES;
				CLANG_WARN_DIRECT_OBJC_ISA_USAGE = YES_ERROR;
				CLANG_WARN_EMPTY_BODY = YES;
				CLANG_WARN_ENUM_CONVERSION = YES;
				CLANG_WARN_INT_CONVERSION = YES;
				CLANG_WARN_OBJC_ROOT_CLASS = YES_ERROR;
				CLANG_WARN__DUPLICATE_METHOD_MATCH = YES;
				"CODE_SIGN_IDENTITY[sdk=iphoneos*]" = "iPhone Developer";
				COPY_PHASE_STRIP = NO;
				GCC_C_LANGUAGE_STANDARD = gnu99;
				GCC_DYNAMIC_NO_PIC = NO;
				GCC_OPTIMIZATION_LEVEL = 0;
				GCC_PREPROCESSOR_DEFINITIONS = (
					"DEBUG=1",
					"$(inherited)",
				);
				GCC_SYMBOLS_PRIVATE_EXTERN = NO;
				GCC_WARN_64_TO_32_BIT_CONVERSION = YES;
				GCC_WARN_ABOUT_RETURN_TYPE = YES_ERROR;
				GCC_WARN_UNDECLARED_SELECTOR = YES;
				GCC_WARN_UNINITIALIZED_AUTOS = YES_AGGRESSIVE;
				GCC_WARN_UNUSED_FUNCTION = YES;
				GCC_WARN_UNUSED_VARIABLE = YES;
				IPHONEOS_DEPLOYMENT_TARGET = 7.1;
				ONLY_ACTIVE_ARCH = YES;
				SDKROOT = iphoneos;
			};
			name = Debug;
		};
		3B3A7085195E8174002C59FF /* Release */ = {
			isa = XCBuildConfiguration;
			buildSettings = {
				ALWAYS_SEARCH_USER_PATHS = NO;
				CLANG_CXX_LANGUAGE_STANDARD = "gnu++0x";
				CLANG_CXX_LIBRARY = "libc++";
				CLANG_ENABLE_MODULES = YES;
				CLANG_ENABLE_OBJC_ARC = YES;
				CLANG_WARN_BOOL_CONVERSION = YES;
				CLANG_WARN_CONSTANT_CONVERSION = YES;
				CLANG_WARN_DIRECT_OBJC_ISA_USAGE = YES_ERROR;
				CLANG_WARN_EMPTY_BODY = YES;
				CLANG_WARN_ENUM_CONVERSION = YES;
				CLANG_WARN_INT_CONVERSION = YES;
				CLANG_WARN_OBJC_ROOT_CLASS = YES_ERROR;
				CLANG_WARN__DUPLICATE_METHOD_MATCH = YES;
				"CODE_SIGN_IDENTITY[sdk=iphoneos*]" = "iPhone Developer";
				COPY_PHASE_STRIP = YES;
				ENABLE_NS_ASSERTIONS = NO;
				GCC_C_LANGUAGE_STANDARD = gnu99;
				GCC_WARN_64_TO_32_BIT_CONVERSION = YES;
				GCC_WARN_ABOUT_RETURN_TYPE = YES_ERROR;
				GCC_WARN_UNDECLARED_SELECTOR = YES;
				GCC_WARN_UNINITIALIZED_AUTOS = YES_AGGRESSIVE;
				GCC_WARN_UNUSED_FUNCTION = YES;
				GCC_WARN_UNUSED_VARIABLE = YES;
				IPHONEOS_DEPLOYMENT_TARGET = 7.1;
				SDKROOT = iphoneos;
				VALIDATE_PRODUCT = YES;
			};
			name = Release;
		};
		3B3A7087195E8174002C59FF /* Debug */ = {
			isa = XCBuildConfiguration;
			buildSettings = {
				ASSETCATALOG_COMPILER_APPICON_NAME = AppIcon;
				ASSETCATALOG_COMPILER_LAUNCHIMAGE_NAME = LaunchImage;
				CODE_SIGN_IDENTITY = "iPhone Developer";
				GCC_PRECOMPILE_PREFIX_HEADER = YES;
				GCC_PREFIX_HEADER = "Treasure/Treasure-Prefix.pch";
				INFOPLIST_FILE = "Treasure/Treasure-Info.plist";
				IPHONEOS_DEPLOYMENT_TARGET = 8.1;
				PRODUCT_NAME = "$(TARGET_NAME)";
				WRAPPER_EXTENSION = app;
			};
			name = Debug;
		};
		3B3A7088195E8174002C59FF /* Release */ = {
			isa = XCBuildConfiguration;
			buildSettings = {
				ASSETCATALOG_COMPILER_APPICON_NAME = AppIcon;
				ASSETCATALOG_COMPILER_LAUNCHIMAGE_NAME = LaunchImage;
				CODE_SIGN_IDENTITY = "iPhone Developer";
				GCC_PRECOMPILE_PREFIX_HEADER = YES;
				GCC_PREFIX_HEADER = "Treasure/Treasure-Prefix.pch";
				INFOPLIST_FILE = "Treasure/Treasure-Info.plist";
				IPHONEOS_DEPLOYMENT_TARGET = 8.1;
				PRODUCT_NAME = "$(TARGET_NAME)";
				WRAPPER_EXTENSION = app;
			};
			name = Release;
		};
		3B3A708A195E8174002C59FF /* Debug */ = {
			isa = XCBuildConfiguration;
			buildSettings = {
				BUNDLE_LOADER = "$(BUILT_PRODUCTS_DIR)/Treasure.app/Treasure";
				FRAMEWORK_SEARCH_PATHS = (
					"$(SDKROOT)/Developer/Library/Frameworks",
					"$(inherited)",
					"$(DEVELOPER_FRAMEWORKS_DIR)",
				);
				GCC_PRECOMPILE_PREFIX_HEADER = YES;
				GCC_PREFIX_HEADER = "Treasure/Treasure-Prefix.pch";
				GCC_PREPROCESSOR_DEFINITIONS = (
					"DEBUG=1",
					"$(inherited)",
				);
				INFOPLIST_FILE = "TreasureTests/TreasureTests-Info.plist";
				PRODUCT_NAME = "$(TARGET_NAME)";
				TEST_HOST = "$(BUNDLE_LOADER)";
				WRAPPER_EXTENSION = xctest;
			};
			name = Debug;
		};
		3B3A708B195E8174002C59FF /* Release */ = {
			isa = XCBuildConfiguration;
			buildSettings = {
				BUNDLE_LOADER = "$(BUILT_PRODUCTS_DIR)/Treasure.app/Treasure";
				FRAMEWORK_SEARCH_PATHS = (
					"$(SDKROOT)/Developer/Library/Frameworks",
					"$(inherited)",
					"$(DEVELOPER_FRAMEWORKS_DIR)",
				);
				GCC_PRECOMPILE_PREFIX_HEADER = YES;
				GCC_PREFIX_HEADER = "Treasure/Treasure-Prefix.pch";
				INFOPLIST_FILE = "TreasureTests/TreasureTests-Info.plist";
				PRODUCT_NAME = "$(TARGET_NAME)";
				TEST_HOST = "$(BUNDLE_LOADER)";
				WRAPPER_EXTENSION = xctest;
			};
			name = Release;
		};
/* End XCBuildConfiguration section */

/* Begin XCConfigurationList section */
		3B3A704F195E8174002C59FF /* Build configuration list for PBXProject "Treasure" */ = {
			isa = XCConfigurationList;
			buildConfigurations = (
				3B3A7084195E8174002C59FF /* Debug */,
				3B3A7085195E8174002C59FF /* Release */,
			);
			defaultConfigurationIsVisible = 0;
			defaultConfigurationName = Release;
		};
		3B3A7086195E8174002C59FF /* Build configuration list for PBXNativeTarget "Treasure" */ = {
			isa = XCConfigurationList;
			buildConfigurations = (
				3B3A7087195E8174002C59FF /* Debug */,
				3B3A7088195E8174002C59FF /* Release */,
			);
			defaultConfigurationIsVisible = 0;
			defaultConfigurationName = Release;
		};
		3B3A7089195E8174002C59FF /* Build configuration list for PBXNativeTarget "TreasureTests" */ = {
			isa = XCConfigurationList;
			buildConfigurations = (
				3B3A708A195E8174002C59FF /* Debug */,
				3B3A708B195E8174002C59FF /* Release */,
			);
			defaultConfigurationIsVisible = 0;
			defaultConfigurationName = Release;
		};
/* End XCConfigurationList section */
	};
	rootObject = 3B3A704C195E8174002C59FF /* Project object */;
}
